<Solution>
  <Project Path="Assembly-CSharp.csproj" />
  <Project Path="PhotonVoice.API.csproj" />
  <Project Path="Assembly-CSharp-Editor.csproj" />
  <Project Path="Unity.Fusion.CodeGen.csproj" />
  <Project Path="Meta Utilities.csproj" />
  <Project Path="Oculus.Interaction.AvatarIntegration.csproj" />
  <Project Path="PhotonRealtime.csproj" />
  <Project Path="Fusion.Addressables.csproj" />
  <Project Path="PhotonVoice.csproj" />
  <Project Path="Meta.Utilities.Input.csproj" />
  <Project Path="Meta.Utilities.Avatars.csproj" />
  <Project Path="Fusion.Editor.csproj" />
  <Project Path="Meta Utilities Editor.csproj" />
  <Project Path="PhotonVoice.Fusion.csproj" />
  <Project Path="MicAmplifierEditor.Editor.csproj" />
  <Project Path="PhotonVoice.Editor.csproj" />
  <Project Path="PhotonVoice.Utilities.Editor.csproj" />
  <Project Path="PhotonVoice.Fusion.Editor.csproj" />
</Solution>
